
Microsoft Visual Studio Solution File, Format Version 12.00
# Visual Studio Version 17
VisualStudioVersion = 17.0.31903.59
MinimumVisualStudioVersion = 10.0.40219.1
Project("{9A19103F-16F7-4668-BE54-9A1E7A4F7556}") = "DataAccess", "DataAccess\DataAccess.csproj", "{FCE5B98E-D66F-4337-9409-3196AAC3FFFA}"
EndProject
Project("{9A19103F-16F7-4668-BE54-9A1E7A4F7556}") = "Common", "Common\Common.csproj", "{035813B7-8BF6-485C-83E9-3F9AF403B3E7}"
EndProject
Project("{9A19103F-16F7-4668-BE54-9A1E7A4F7556}") = "Business", "Business\Business.csproj", "{571FADE8-BF4C-4307-A31B-22504BEA9B16}"
EndProject
Project("{2150E333-8FDC-42A3-9474-1A3956D46DE8}") = "01. Presentation", "01. Presentation", "{D49F22F1-2377-4781-B5D1-289FA0EBE69F}"
EndProject
Project("{2150E333-8FDC-42A3-9474-1A3956D46DE8}") = "02. Api", "02. Api", "{16761C75-8B77-4429-AB86-A41424000D46}"
EndProject
Project("{2150E333-8FDC-42A3-9474-1A3956D46DE8}") = "03. Service", "03. Service", "{FB824EDE-18C3-4873-9A63-AD3303542C53}"
EndProject
Project("{2150E333-8FDC-42A3-9474-1A3956D46DE8}") = "04. Data", "04. Data", "{88035579-2416-4AED-A555-95B8AAB97B8C}"
EndProject
Project("{2150E333-8FDC-42A3-9474-1A3956D46DE8}") = "10. Common", "10. Common", "{16193A11-CA65-4ADC-9591-4BFBE8A2FE40}"
EndProject
Project("{9A19103F-16F7-4668-BE54-9A1E7A4F7556}") = "API", "API\API.csproj", "{F8C2FBF0-1CEF-44AD-8C13-B14E9F56CB63}"
EndProject
Global
	GlobalSection(SolutionConfigurationPlatforms) = preSolution
		Debug|Any CPU = Debug|Any CPU
		Release|Any CPU = Release|Any CPU
	EndGlobalSection
	GlobalSection(ProjectConfigurationPlatforms) = postSolution
		{FCE5B98E-D66F-4337-9409-3196AAC3FFFA}.Debug|Any CPU.ActiveCfg = Debug|Any CPU
		{FCE5B98E-D66F-4337-9409-3196AAC3FFFA}.Debug|Any CPU.Build.0 = Debug|Any CPU
		{FCE5B98E-D66F-4337-9409-3196AAC3FFFA}.Release|Any CPU.ActiveCfg = Release|Any CPU
		{FCE5B98E-D66F-4337-9409-3196AAC3FFFA}.Release|Any CPU.Build.0 = Release|Any CPU
		{035813B7-8BF6-485C-83E9-3F9AF403B3E7}.Debug|Any CPU.ActiveCfg = Debug|Any CPU
		{035813B7-8BF6-485C-83E9-3F9AF403B3E7}.Debug|Any CPU.Build.0 = Debug|Any CPU
		{035813B7-8BF6-485C-83E9-3F9AF403B3E7}.Release|Any CPU.ActiveCfg = Release|Any CPU
		{035813B7-8BF6-485C-83E9-3F9AF403B3E7}.Release|Any CPU.Build.0 = Release|Any CPU
		{571FADE8-BF4C-4307-A31B-22504BEA9B16}.Debug|Any CPU.ActiveCfg = Debug|Any CPU
		{571FADE8-BF4C-4307-A31B-22504BEA9B16}.Debug|Any CPU.Build.0 = Debug|Any CPU
		{571FADE8-BF4C-4307-A31B-22504BEA9B16}.Release|Any CPU.ActiveCfg = Release|Any CPU
		{571FADE8-BF4C-4307-A31B-22504BEA9B16}.Release|Any CPU.Build.0 = Release|Any CPU
		{F8C2FBF0-1CEF-44AD-8C13-B14E9F56CB63}.Debug|Any CPU.ActiveCfg = Debug|Any CPU
		{F8C2FBF0-1CEF-44AD-8C13-B14E9F56CB63}.Debug|Any CPU.Build.0 = Debug|Any CPU
		{F8C2FBF0-1CEF-44AD-8C13-B14E9F56CB63}.Release|Any CPU.ActiveCfg = Release|Any CPU
		{F8C2FBF0-1CEF-44AD-8C13-B14E9F56CB63}.Release|Any CPU.Build.0 = Release|Any CPU
	EndGlobalSection
	GlobalSection(SolutionProperties) = preSolution
		HideSolutionNode = FALSE
	EndGlobalSection
	GlobalSection(NestedProjects) = preSolution
		{FCE5B98E-D66F-4337-9409-3196AAC3FFFA} = {88035579-2416-4AED-A555-95B8AAB97B8C}
		{035813B7-8BF6-485C-83E9-3F9AF403B3E7} = {16193A11-CA65-4ADC-9591-4BFBE8A2FE40}
		{571FADE8-BF4C-4307-A31B-22504BEA9B16} = {FB824EDE-18C3-4873-9A63-AD3303542C53}
		{F8C2FBF0-1CEF-44AD-8C13-B14E9F56CB63} = {16761C75-8B77-4429-AB86-A41424000D46}
	EndGlobalSection
EndGlobal
